{
  "version": 4,
  "terraform_version": "1.5.6",
  "serial": 20,
  "lineage": "176fa3ce-774e-7268-3ad3-6d990f771abd",
  "outputs": {},
  "resources": [
    {
      "mode": "data",
      "type": "newrelic_alert_policy",
      "name": "example_policy",
      "provider": "provider[\"registry.terraform.io/newrelic/newrelic\"]",
      "instances": [
        {
          "schema_version": 0,
          "attributes": {
            "account_id": 4268478,
            "created_at": null,
            "id": "4991286",
            "incident_preference": "PER_POLICY",
            "name": "policy-1",
            "updated_at": null
          },
          "sensitive_attributes": []
        }
      ]
    },
    {
      "mode": "managed",
      "type": "newrelic_alert_channel",
      "name": "email_channel",
      "provider": "provider[\"registry.terraform.io/newrelic/newrelic\"]",
      "instances": [
        {
          "schema_version": 0,
          "attributes": {
            "account_id": null,
            "config": [
              {
                "api_key": "",
                "auth_password": "",
                "auth_type": "",
                "auth_username": "",
                "base_url": "",
                "channel": "",
                "headers": null,
                "headers_string": "",
                "include_json_attachment": "",
                "key": "",
                "payload": null,
                "payload_string": "",
                "payload_type": "",
                "recipients": "himanshisoni2805@gmail.com",
                "region": "",
                "route_key": "",
                "service_key": "",
                "tags": "",
                "teams": "",
                "url": "",
                "user_id": ""
              }
            ],
            "id": "8206360",
            "name": "foo",
            "type": "email"
          },
          "sensitive_attributes": [],
          "private": "bnVsbA=="
        }
      ]
    },
    {
      "mode": "managed",
      "type": "newrelic_alert_policy",
      "name": "policy",
      "provider": "provider[\"registry.terraform.io/newrelic/newrelic\"]",
      "instances": [
        {
          "schema_version": 0,
          "attributes": {
            "account_id": 4268478,
            "channel_ids": null,
            "id": "4991285",
            "incident_preference": "PER_POLICY",
            "name": "var-policy"
          },
          "sensitive_attributes": [],
          "private": "bnVsbA=="
        }
      ]
    },
    {
      "mode": "managed",
      "type": "newrelic_alert_policy_channel",
      "name": "foo",
      "provider": "provider[\"registry.terraform.io/newrelic/newrelic\"]",
      "instances": [
        {
          "schema_version": 1,
          "attributes": {
            "account_id": null,
            "channel_ids": [
              8206360
            ],
            "id": "4991286:8206360",
            "policy_id": 4991286,
            "timeouts": null
          },
          "sensitive_attributes": [],
          "private": "eyJlMmJmYjczMC1lY2FhLTExZTYtOGY4OC0zNDM2M2JjN2M0YzAiOnsiY3JlYXRlIjozMDAwMDAwMDAwMH0sInNjaGVtYV92ZXJzaW9uIjoiMSJ9",
          "dependencies": [
            "data.newrelic_alert_policy.example_policy",
            "newrelic_alert_channel.email_channel"
          ]
        }
      ]
    }
  ],
  "check_results": null
}
